
Microsoft Visual Studio Solution File, Format Version 12.00
# Visual Studio Version 17
VisualStudioVersion = 17.7.34018.315
MinimumVisualStudioVersion = 10.0.40219.1
Project("{888888A0-9F3D-457C-B088-3A5042F75D52}") = "star_wars_game", "star_wars_game.pyproj", "{F28CC453-7149-47D8-9E57-283043758867}"
EndProject
Global
	GlobalSection(SolutionConfigurationPlatforms) = preSolution
		Debug|Any CPU = Debug|Any CPU
		Release|Any CPU = Release|Any CPU
	EndGlobalSection
	GlobalSection(ProjectConfigurationPlatforms) = postSolution
		{F28CC453-7149-47D8-9E57-283043758867}.Debug|Any CPU.ActiveCfg = Debug|Any CPU
		{F28CC453-7149-47D8-9E57-283043758867}.Release|Any CPU.ActiveCfg = Release|Any CPU
	EndGlobalSection
	GlobalSection(SolutionProperties) = preSolution
		HideSolutionNode = FALSE
	EndGlobalSection
	GlobalSection(ExtensibilityGlobals) = postSolution
		SolutionGuid = {7470321A-4A0D-4E59-AEAB-04A26D474CAE}
	EndGlobalSection
EndGlobal
